{
  "nodes": {
    "flakeNimbleLib": {
      "inputs": {
        "nixpkgs": [
          "nixpkgs"
        ]
      },
      "locked": {
        "lastModified": 1647920574,
        "narHash": "sha256-D3ob5QykELhyNcTnISOkjEzLlgXltwON8Ucrz5cpiQI=",
        "owner": "riinr",
        "repo": "nim-flakes-lib",
        "rev": "bfb46a1f762002f07f9d81d93dacd544c6890623",
        "type": "github"
      },
      "original": {
        "owner": "riinr",
        "ref": "master",
        "repo": "nim-flakes-lib",
        "type": "github"
      }
    },
    "nixpkgs": {
      "locked": {
        "narHash": "sha256-sK1Ow//80EKE3bAF5d+2gB8vPXw6m5TBk3wSLHvdVe0=",
        "path": "/nix/store/0yqgkbpmsk7ck4s34wk505sfdd9vils4-source",
        "type": "path"
      },
      "original": {
        "id": "nixpkgs",
        "type": "indirect"
      }
    },
    "root": {
      "inputs": {
        "flakeNimbleLib": "flakeNimbleLib",
        "nixpkgs": "nixpkgs",
        "src-mongrel2-master": "src-mongrel2-master",
        "tnetstring": "tnetstring",
        "zmq": "zmq"
      }
    },
    "src-mongrel2-master": {
      "flake": false,
      "locked": {
        "lastModified": 1635368236,
        "narHash": "sha256-zMzHms2LH39SgucQJmOj/oxoWad80lzgb/umJtsV1vU=",
        "owner": "mahlonsmith",
        "repo": "nim-mongrel2",
        "rev": "8ffc30acceb67888d5724a633239a192dba1c034",
        "type": "github"
      },
      "original": {
        "owner": "mahlonsmith",
        "ref": "refs/heads/master",
        "repo": "nim-mongrel2",
        "type": "github"
      }
    },
    "src-tnetstring-master": {
      "flake": false,
      "locked": {
        "lastModified": 1635354591,
        "narHash": "sha256-4W2XNQ4EtT54NKUDpFxvYGRlLuuHshplilEjcS+bUy8=",
        "owner": "mahlonsmith",
        "repo": "nim-tnetstring",
        "rev": "1ef54e538df3103e8bb4ed61264a8aac2c66e42a",
        "type": "github"
      },
      "original": {
        "owner": "mahlonsmith",
        "ref": "refs/heads/master",
        "repo": "nim-tnetstring",
        "type": "github"
      }
    },
    "src-zmq-v1_3_1": {
      "flake": false,
      "locked": {
        "lastModified": 1647962281,
        "narHash": "sha256-BUM7rhvArynvfnKi3fqYRAEJopHTqvsG8cUTANvYoT8=",
        "owner": "nim-lang",
        "repo": "nim-zmq",
        "rev": "c9d9814c1060daffcfbff3dbd9dd9c503af99c86",
        "type": "github"
      },
      "original": {
        "owner": "nim-lang",
        "ref": "refs/tags/v1.3.1",
        "repo": "nim-zmq",
        "type": "github"
      }
    },
    "tnetstring": {
      "inputs": {
        "flakeNimbleLib": [
          "flakeNimbleLib"
        ],
        "nixpkgs": [
          "nixpkgs"
        ],
        "tnetstring-master": "tnetstring-master"
      },
      "locked": {
        "lastModified": 1647935031,
        "narHash": "sha256-/BozlY19l3VFASgwAgVW3krSgrKIFTDRYAh5+T/u4U4=",
        "owner": "nim-nix-pkgs",
        "repo": "tnetstring",
        "rev": "939666190a4f65bf1229d47b7c6c06fe8a8bfa95",
        "type": "github"
      },
      "original": {
        "owner": "nim-nix-pkgs",
        "ref": "master",
        "repo": "tnetstring",
        "type": "github"
      }
    },
    "tnetstring-master": {
      "inputs": {
        "flakeNimbleLib": [
          "tnetstring",
          "flakeNimbleLib"
        ],
        "nixpkgs": [
          "tnetstring",
          "nixpkgs"
        ],
        "src-tnetstring-master": "src-tnetstring-master"
      },
      "locked": {
        "dir": "master",
        "lastModified": 1647935031,
        "narHash": "sha256-/BozlY19l3VFASgwAgVW3krSgrKIFTDRYAh5+T/u4U4=",
        "owner": "nim-nix-pkgs",
        "repo": "tnetstring",
        "rev": "939666190a4f65bf1229d47b7c6c06fe8a8bfa95",
        "type": "github"
      },
      "original": {
        "dir": "master",
        "owner": "nim-nix-pkgs",
        "ref": "master",
        "repo": "tnetstring",
        "type": "github"
      }
    },
    "zmq": {
      "inputs": {
        "flakeNimbleLib": [
          "flakeNimbleLib"
        ],
        "nixpkgs": [
          "nixpkgs"
        ],
        "src-zmq-v1_3_1": "src-zmq-v1_3_1"
      },
      "locked": {
        "dir": "v1_3_1",
        "lastModified": 1648087823,
        "narHash": "sha256-nO5d7W3dSr3xhaDxVnZm3H/0hAHz777js2vCGr4fX3E=",
        "owner": "nim-nix-pkgs",
        "repo": "zmq",
        "rev": "b920c00854b46ddfe01689d83e62fa2c9f0fbc4d",
        "type": "github"
      },
      "original": {
        "dir": "v1_3_1",
        "owner": "nim-nix-pkgs",
        "ref": "master",
        "repo": "zmq",
        "type": "github"
      }
    }
  },
  "root": "root",
  "version": 7
}
